
Microsoft Visual Studio Solution File, Format Version 12.00
# Visual Studio Version 17
VisualStudioVersion = 17.3.32825.248
MinimumVisualStudioVersion = 10.0.40219.1
Project("{FAE04EC0-301F-11D3-BF4B-00C04F79EFBC}") = "ImageUploadsWithLikesEF.Web", "ImageUploadsWithLikesEF.Web\ImageUploadsWithLikesEF.Web.csproj", "{2B5C2806-614A-4614-8ABA-BF02DDCD0BFC}"
EndProject
Project("{FAE04EC0-301F-11D3-BF4B-00C04F79EFBC}") = "ImageUploadsWithLikesEF.Data", "ImageUploadsWithLikesEF.Data\ImageUploadsWithLikesEF.Data.csproj", "{C39C4818-F817-4039-9967-D4DF96D0C090}"
EndProject
Global
	GlobalSection(SolutionConfigurationPlatforms) = preSolution
		Debug|Any CPU = Debug|Any CPU
		Release|Any CPU = Release|Any CPU
	EndGlobalSection
	GlobalSection(ProjectConfigurationPlatforms) = postSolution
		{2B5C2806-614A-4614-8ABA-BF02DDCD0BFC}.Debug|Any CPU.ActiveCfg = Debug|Any CPU
		{2B5C2806-614A-4614-8ABA-BF02DDCD0BFC}.Debug|Any CPU.Build.0 = Debug|Any CPU
		{2B5C2806-614A-4614-8ABA-BF02DDCD0BFC}.Release|Any CPU.ActiveCfg = Release|Any CPU
		{2B5C2806-614A-4614-8ABA-BF02DDCD0BFC}.Release|Any CPU.Build.0 = Release|Any CPU
		{C39C4818-F817-4039-9967-D4DF96D0C090}.Debug|Any CPU.ActiveCfg = Debug|Any CPU
		{C39C4818-F817-4039-9967-D4DF96D0C090}.Debug|Any CPU.Build.0 = Debug|Any CPU
		{C39C4818-F817-4039-9967-D4DF96D0C090}.Release|Any CPU.ActiveCfg = Release|Any CPU
		{C39C4818-F817-4039-9967-D4DF96D0C090}.Release|Any CPU.Build.0 = Release|Any CPU
	EndGlobalSection
	GlobalSection(SolutionProperties) = preSolution
		HideSolutionNode = FALSE
	EndGlobalSection
	GlobalSection(ExtensibilityGlobals) = postSolution
		SolutionGuid = {75674824-7989-4AE6-ABD3-D65385A5A857}
	EndGlobalSection
EndGlobal
